
Microsoft Visual Studio Solution File, Format Version 12.00
# Visual Studio 2013
VisualStudioVersion = 12.0.30501.0
MinimumVisualStudioVersion = 10.0.40219.1
Project("{FAE04EC0-301F-11D3-BF4B-00C04F79EFBC}") = "GBAdmin", "GBAdmin\GBAdmin.csproj", "{B28A710C-F6C1-4CD3-891C-608B6F7DC865}"
EndProject
Project("{FAE04EC0-301F-11D3-BF4B-00C04F79EFBC}") = "GBAdmin.Tests", "GBAdmin.Tests\GBAdmin.Tests.csproj", "{8C92FF3C-E195-45FE-ABD7-9A484CE57ECE}"
EndProject
Global
	GlobalSection(SolutionConfigurationPlatforms) = preSolution
		Debug|Any CPU = Debug|Any CPU
		Release|Any CPU = Release|Any CPU
	EndGlobalSection
	GlobalSection(ProjectConfigurationPlatforms) = postSolution
		{B28A710C-F6C1-4CD3-891C-608B6F7DC865}.Debug|Any CPU.ActiveCfg = Debug|Any CPU
		{B28A710C-F6C1-4CD3-891C-608B6F7DC865}.Debug|Any CPU.Build.0 = Debug|Any CPU
		{B28A710C-F6C1-4CD3-891C-608B6F7DC865}.Release|Any CPU.ActiveCfg = Release|Any CPU
		{B28A710C-F6C1-4CD3-891C-608B6F7DC865}.Release|Any CPU.Build.0 = Release|Any CPU
		{8C92FF3C-E195-45FE-ABD7-9A484CE57ECE}.Debug|Any CPU.ActiveCfg = Debug|Any CPU
		{8C92FF3C-E195-45FE-ABD7-9A484CE57ECE}.Debug|Any CPU.Build.0 = Debug|Any CPU
		{8C92FF3C-E195-45FE-ABD7-9A484CE57ECE}.Release|Any CPU.ActiveCfg = Release|Any CPU
		{8C92FF3C-E195-45FE-ABD7-9A484CE57ECE}.Release|Any CPU.Build.0 = Release|Any CPU
	EndGlobalSection
	GlobalSection(SolutionProperties) = preSolution
		HideSolutionNode = FALSE
	EndGlobalSection
EndGlobal
